
Microsoft Visual Studio Solution File, Format Version 12.00
# Visual Studio 15
VisualStudioVersion = 15.0.27130.2024
MinimumVisualStudioVersion = 10.0.40219.1
Project("{2150E333-8FDC-42A3-9474-1A3956D46DE8}") = "1. Instrastructure", "1. Instrastructure", "{CC2067D7-1971-47BB-B491-5649EA3C18B2}"
EndProject
Project("{9A19103F-16F7-4668-BE54-9A1E7A4F7556}") = "Lykke.Frontend.WampHost.Core", "src\Lykke.Frontend.WampHost.Core\Lykke.Frontend.WampHost.Core.csproj", "{F5B2F6B8-A8CC-4612-8F1D-C063EB8C8955}"
EndProject
Project("{2150E333-8FDC-42A3-9474-1A3956D46DE8}") = "2. Repositories", "2. Repositories", "{BF745453-B940-470E-81BC-43FB67703D4E}"
EndProject
Project("{9A19103F-16F7-4668-BE54-9A1E7A4F7556}") = "Lykke.Frontend.WampHost.Services", "src\Lykke.Frontend.WampHost.Services\Lykke.Frontend.WampHost.Services.csproj", "{2D5F52EC-2A27-4045-81ED-72355E2A6325}"
EndProject
Project("{2150E333-8FDC-42A3-9474-1A3956D46DE8}") = "Solution items", "Solution items", "{6CA74DE0-A357-4934-9D8B-FEA3F0A2D690}"
	ProjectSection(SolutionItems) = preProject
		.gitignore = .gitignore
	EndProjectSection
EndProject
Project("{9A19103F-16F7-4668-BE54-9A1E7A4F7556}") = "Lykke.Frontend.WampHost.Tests", "tests\Lykke.Frontend.WampHost.Tests\Lykke.Frontend.WampHost.Tests.csproj", "{A61FFDEE-5725-4650-A788-6E55EE5EFD5B}"
EndProject
Project("{2150E333-8FDC-42A3-9474-1A3956D46DE8}") = "3. Tests", "3. Tests", "{8F9036B1-5106-4C69-B2D2-B78EE52687A0}"
EndProject
Project("{9A19103F-16F7-4668-BE54-9A1E7A4F7556}") = "Lykke.Frontend.WampHost", "src\Lykke.Frontend.WampHost\Lykke.Frontend.WampHost.csproj", "{E414FDB9-FEEA-4CD0-9BBA-D1541601DF29}"
EndProject
Project("{FAE04EC0-301F-11D3-BF4B-00C04F79EFBC}") = "Lykke.Frontend.WampHost.Contracts", "src\Lykke.Frontend.WampHost.Contracts\Lykke.Frontend.WampHost.Contracts.csproj", "{146841E7-CB00-49AA-92D7-260FF4E780A1}"
EndProject
Global
	GlobalSection(SolutionConfigurationPlatforms) = preSolution
		Debug|Any CPU = Debug|Any CPU
		Release|Any CPU = Release|Any CPU
	EndGlobalSection
	GlobalSection(ProjectConfigurationPlatforms) = postSolution
		{F5B2F6B8-A8CC-4612-8F1D-C063EB8C8955}.Debug|Any CPU.ActiveCfg = Debug|Any CPU
		{F5B2F6B8-A8CC-4612-8F1D-C063EB8C8955}.Debug|Any CPU.Build.0 = Debug|Any CPU
		{F5B2F6B8-A8CC-4612-8F1D-C063EB8C8955}.Release|Any CPU.ActiveCfg = Release|Any CPU
		{F5B2F6B8-A8CC-4612-8F1D-C063EB8C8955}.Release|Any CPU.Build.0 = Release|Any CPU
		{2D5F52EC-2A27-4045-81ED-72355E2A6325}.Debug|Any CPU.ActiveCfg = Debug|Any CPU
		{2D5F52EC-2A27-4045-81ED-72355E2A6325}.Debug|Any CPU.Build.0 = Debug|Any CPU
		{2D5F52EC-2A27-4045-81ED-72355E2A6325}.Release|Any CPU.ActiveCfg = Release|Any CPU
		{2D5F52EC-2A27-4045-81ED-72355E2A6325}.Release|Any CPU.Build.0 = Release|Any CPU
		{A61FFDEE-5725-4650-A788-6E55EE5EFD5B}.Debug|Any CPU.ActiveCfg = Debug|Any CPU
		{A61FFDEE-5725-4650-A788-6E55EE5EFD5B}.Debug|Any CPU.Build.0 = Debug|Any CPU
		{A61FFDEE-5725-4650-A788-6E55EE5EFD5B}.Release|Any CPU.ActiveCfg = Release|Any CPU
		{A61FFDEE-5725-4650-A788-6E55EE5EFD5B}.Release|Any CPU.Build.0 = Release|Any CPU
		{E414FDB9-FEEA-4CD0-9BBA-D1541601DF29}.Debug|Any CPU.ActiveCfg = Debug|Any CPU
		{E414FDB9-FEEA-4CD0-9BBA-D1541601DF29}.Debug|Any CPU.Build.0 = Debug|Any CPU
		{E414FDB9-FEEA-4CD0-9BBA-D1541601DF29}.Release|Any CPU.ActiveCfg = Release|Any CPU
		{E414FDB9-FEEA-4CD0-9BBA-D1541601DF29}.Release|Any CPU.Build.0 = Release|Any CPU
		{146841E7-CB00-49AA-92D7-260FF4E780A1}.Debug|Any CPU.ActiveCfg = Debug|Any CPU
		{146841E7-CB00-49AA-92D7-260FF4E780A1}.Debug|Any CPU.Build.0 = Debug|Any CPU
		{146841E7-CB00-49AA-92D7-260FF4E780A1}.Release|Any CPU.ActiveCfg = Release|Any CPU
		{146841E7-CB00-49AA-92D7-260FF4E780A1}.Release|Any CPU.Build.0 = Release|Any CPU
	EndGlobalSection
	GlobalSection(SolutionProperties) = preSolution
		HideSolutionNode = FALSE
	EndGlobalSection
	GlobalSection(NestedProjects) = preSolution
		{F5B2F6B8-A8CC-4612-8F1D-C063EB8C8955} = {CC2067D7-1971-47BB-B491-5649EA3C18B2}
		{2D5F52EC-2A27-4045-81ED-72355E2A6325} = {CC2067D7-1971-47BB-B491-5649EA3C18B2}
		{A61FFDEE-5725-4650-A788-6E55EE5EFD5B} = {8F9036B1-5106-4C69-B2D2-B78EE52687A0}
	EndGlobalSection
	GlobalSection(ExtensibilityGlobals) = postSolution
		SolutionGuid = {F36B5B53-065C-4F6A-9771-3B1760886A00}
	EndGlobalSection
	GlobalSection(Performance) = preSolution
		HasPerformanceSessions = true
	EndGlobalSection
	GlobalSection(Performance) = preSolution
		HasPerformanceSessions = true
	EndGlobalSection
EndGlobal
